dependencies:
  espressif/bthome:
    component_hash: b3be38c1810d2a6c6f203e97a26097fe24c6719dc1238c022506e67d1161876b
    dependencies:
    - name: idf
      require: private
      version: '>=5.0'
    source:
      registry_url: https://components.espressif.com/
      type: service
    targets:
    - esp32
    - esp32c3
    - esp32h2
    - esp32s3
    - esp32c2
    - esp32c6
    version: 0.1.0
  idf:
    source:
      type: idf
    version: 5.5.3
direct_dependencies:
- espressif/bthome
- idf
manifest_hash: 238389dce47c500c75e7b1a1ca72235a2625acc4b0125cd37fce38aab04e4678
target: esp32c3
version: 2.0.0
